
Microsoft Visual Studio Solution File, Format Version 12.00
# Visual Studio Version 17
VisualStudioVersion = 17.8.34511.84
MinimumVisualStudioVersion = 10.0.40219.1
Project("{9A19103F-16F7-4668-BE54-9A1E7A4F7556}") = "NotAlone", "NotAlone.csproj", "{2D3BAE39-1075-479E-8FE8-CFFD47449965}"
EndProject
Global
	GlobalSection(SolutionConfigurationPlatforms) = preSolution
		Debug|Any CPU = Debug|Any CPU
		Release|Any CPU = Release|Any CPU
	EndGlobalSection
	GlobalSection(ProjectConfigurationPlatforms) = postSolution
		{2D3BAE39-1075-479E-8FE8-CFFD47449965}.Debug|Any CPU.ActiveCfg = Debug|Any CPU
		{2D3BAE39-1075-479E-8FE8-CFFD47449965}.Debug|Any CPU.Build.0 = Debug|Any CPU
		{2D3BAE39-1075-479E-8FE8-CFFD47449965}.Release|Any CPU.ActiveCfg = Release|Any CPU
		{2D3BAE39-1075-479E-8FE8-CFFD47449965}.Release|Any CPU.Build.0 = Release|Any CPU
	EndGlobalSection
	GlobalSection(SolutionProperties) = preSolution
		HideSolutionNode = FALSE
	EndGlobalSection
	GlobalSection(ExtensibilityGlobals) = postSolution
		SolutionGuid = {ED0616DE-5097-44C5-81E9-78754ED0D262}
	EndGlobalSection
EndGlobal
